<Solution>
  <Configurations>
    <Platform Name="ARM64" />
    <Platform Name="x64" />
    <Platform Name="x86" />
  </Configurations>
  <Project Path="xll24/xll.vcxproj" Id="7d7375af-e7e3-42d3-a00f-d8ee22c39924">
    <Platform Project="x64" />
  </Project>
  <Project Path="xll_plackett.vcxproj" Id="1c222f9c-5311-4748-a5b3-ef9a394f4acf" />
</Solution>
